{
  "name": "aws-sam-webpack-plugin",
  "version": "0.6.0",
  "lockfileVersion": 1,
  "requires": true,
  "dependencies": {
    "@types/js-yaml": {
      "version": "3.12.2",
      "resolved": "https://registry.npmjs.org/@types/js-yaml/-/js-yaml-3.12.2.tgz",
      "integrity": "sha512-0CFu/g4mDSNkodVwWijdlr8jH7RoplRWNgovjFLEZeT+QEbbZXjBmCe3HwaWheAlCbHwomTwzZoSedeOycABug==",
      "dev": true
    },
    "@types/node": {
      "version": "12.12.29",
      "resolved": "https://registry.npmjs.org/@types/node/-/node-12.12.29.tgz",
      "integrity": "sha512-yo8Qz0ygADGFptISDj3pOC9wXfln/5pQaN/ysDIzOaAWXt73cNHmtEC8zSO2Y+kse/txmwIAJzkYZ5fooaS5DQ==",
      "dev": true
    },
    "argparse": {
      "version": "1.0.10",
      "resolved": "https://registry.npmjs.org/argparse/-/argparse-1.0.10.tgz",
      "integrity": "sha512-o5Roy6tNG4SL/FOkCAN6RzjiakZS25RLYFrcMttJqbdd8BWrnA+fGz57iN5Pb06pvBGvl5gQ0B48dJlslXvoTg==",
      "requires": {
        "sprintf-js": "~1.0.2"
      }
    },
    "esprima": {
      "version": "4.0.1",
      "resolved": "https://registry.npmjs.org/esprima/-/esprima-4.0.1.tgz",
      "integrity": "sha512-eGuFFw7Upda+g4p+QHvnW0RyTX/SVeJBDM/gCtMARO0cLuT2HcEKnTPvhjV6aGeqrCB/sbNop0Kszm0jsaWU4A=="
    },
    "js-yaml": {
      "version": "3.13.1",
      "resolved": "https://registry.npmjs.org/js-yaml/-/js-yaml-3.13.1.tgz",
      "integrity": "sha512-YfbcO7jXDdyj0DGxYVSlSeQNHbD7XPWvrVWeVUujrQEoZzWJIRrCPoyk6kL6IAjAG2IolMK4T0hNUe0HOUs5Jw==",
      "requires": {
        "argparse": "^1.0.7",
        "esprima": "^4.0.0"
      }
    },
    "sprintf-js": {
      "version": "1.0.3",
      "resolved": "https://registry.npmjs.org/sprintf-js/-/sprintf-js-1.0.3.tgz",
      "integrity": "sha1-BOaSb2YolTVPPdAVIDYzuFcpfiw="
    },
    "typescript": {
      "version": "3.8.3",
      "resolved": "https://registry.npmjs.org/typescript/-/typescript-3.8.3.tgz",
      "integrity": "sha512-MYlEfn5VrLNsgudQTVJeNaQFUAI7DkhnOjdpAp4T+ku1TfQClewlbSuTVHiA+8skNBgaf02TL/kLOvig4y3G8w==",
      "dev": true
    },
    "yaml-cfn": {
      "version": "0.2.3",
      "resolved": "https://registry.npmjs.org/yaml-cfn/-/yaml-cfn-0.2.3.tgz",
      "integrity": "sha512-cCeX3mGhQdQJR1gdq2hJloXMh+Fkeq86Q0hyPs7UjBhaXwHYJJ+S+CbW+Fkm1FHXGhtUhcavnA+RM9ulLn6lOg==",
      "requires": {
        "js-yaml": "^3.10.0"
      }
    }
  }
}
