{
  "name": "sam-webpack-plugin",
  "version": "0.1.0",
  "lockfileVersion": 1,
  "requires": true,
  "dependencies": {
    "@types/node": {
      "version": "12.6.2",
      "resolved": "https://registry.npmjs.org/@types/node/-/node-12.6.2.tgz",
      "integrity": "sha512-gojym4tX0FWeV2gsW4Xmzo5wxGjXGm550oVUII7f7G5o4BV6c7DBdiG1RRQd+y1bvqRyYtPfMK85UM95vsapqQ==",
      "dev": true
    },
    "typescript": {
      "version": "3.5.3",
      "resolved": "https://registry.npmjs.org/typescript/-/typescript-3.5.3.tgz",
      "integrity": "sha512-ACzBtm/PhXBDId6a6sDJfroT2pOWt/oOnk4/dElG5G33ZL776N3Y6/6bKZJBFpd+b05F3Ct9qDjMeJmRWtE2/g==",
      "dev": true
    },
    "yaml-js": {
      "version": "0.2.3",
      "resolved": "https://registry.npmjs.org/yaml-js/-/yaml-js-0.2.3.tgz",
      "integrity": "sha512-6xUQtVKl1qcd0EXtTEzUDVJy9Ji1fYa47LtkDtYKlIjhibPE9knNPmoRyf6SGREFHlOAUyDe9OdYqRP4DuSi5Q=="
    }
  }
}
